
Microsoft Visual Studio Solution File, Format Version 12.00
# Visual Studio Version 16
VisualStudioVersion = 16.0.30711.63
MinimumVisualStudioVersion = 10.0.40219.1
Project("{FAE04EC0-301F-11D3-BF4B-00C04F79EFBC}") = "LoanAPI.Data.DBRepository", "LoanAPI.Data.DBRepository\LoanAPI.Data.DBRepository.csproj", "{040E8B0A-FE78-4B42-9B97-A441CB5AB317}"
EndProject
Project("{FAE04EC0-301F-11D3-BF4B-00C04F79EFBC}") = "LoanAPI.Services.Repository", "LoanAPI.Services.Repository\LoanAPI.Services.Repository.csproj", "{1DFED63F-E660-4DEB-8962-1E076D9BA61D}"
EndProject
Project("{FAE04EC0-301F-11D3-BF4B-00C04F79EFBC}") = "LoanAPI.Services", "LoanAPI.Services\LoanAPI.Services.csproj", "{9852CA59-7F4A-47DA-97EB-E0BB3EA46AF0}"
EndProject
Project("{FAE04EC0-301F-11D3-BF4B-00C04F79EFBC}") = "LoanAPI", "LoanAPI\LoanAPI.csproj", "{73E43110-5D49-43EC-B7A5-EC75F12D6E9A}"
EndProject
Project("{FAE04EC0-301F-11D3-BF4B-00C04F79EFBC}") = "LoanAPI.Services.Unit.Test", "LoanAPI.Services.Unit.Test\LoanAPI.Services.Unit.Test.csproj", "{029803B3-FEB0-47CD-B3B8-8DA10B212F9B}"
EndProject
Global
	GlobalSection(SolutionConfigurationPlatforms) = preSolution
		Debug|Any CPU = Debug|Any CPU
		Release|Any CPU = Release|Any CPU
	EndGlobalSection
	GlobalSection(ProjectConfigurationPlatforms) = postSolution
		{040E8B0A-FE78-4B42-9B97-A441CB5AB317}.Debug|Any CPU.ActiveCfg = Debug|Any CPU
		{040E8B0A-FE78-4B42-9B97-A441CB5AB317}.Debug|Any CPU.Build.0 = Debug|Any CPU
		{040E8B0A-FE78-4B42-9B97-A441CB5AB317}.Release|Any CPU.ActiveCfg = Release|Any CPU
		{040E8B0A-FE78-4B42-9B97-A441CB5AB317}.Release|Any CPU.Build.0 = Release|Any CPU
		{1DFED63F-E660-4DEB-8962-1E076D9BA61D}.Debug|Any CPU.ActiveCfg = Debug|Any CPU
		{1DFED63F-E660-4DEB-8962-1E076D9BA61D}.Debug|Any CPU.Build.0 = Debug|Any CPU
		{1DFED63F-E660-4DEB-8962-1E076D9BA61D}.Release|Any CPU.ActiveCfg = Release|Any CPU
		{1DFED63F-E660-4DEB-8962-1E076D9BA61D}.Release|Any CPU.Build.0 = Release|Any CPU
		{9852CA59-7F4A-47DA-97EB-E0BB3EA46AF0}.Debug|Any CPU.ActiveCfg = Debug|Any CPU
		{9852CA59-7F4A-47DA-97EB-E0BB3EA46AF0}.Debug|Any CPU.Build.0 = Debug|Any CPU
		{9852CA59-7F4A-47DA-97EB-E0BB3EA46AF0}.Release|Any CPU.ActiveCfg = Release|Any CPU
		{9852CA59-7F4A-47DA-97EB-E0BB3EA46AF0}.Release|Any CPU.Build.0 = Release|Any CPU
		{73E43110-5D49-43EC-B7A5-EC75F12D6E9A}.Debug|Any CPU.ActiveCfg = Debug|Any CPU
		{73E43110-5D49-43EC-B7A5-EC75F12D6E9A}.Debug|Any CPU.Build.0 = Debug|Any CPU
		{73E43110-5D49-43EC-B7A5-EC75F12D6E9A}.Release|Any CPU.ActiveCfg = Release|Any CPU
		{73E43110-5D49-43EC-B7A5-EC75F12D6E9A}.Release|Any CPU.Build.0 = Release|Any CPU
		{029803B3-FEB0-47CD-B3B8-8DA10B212F9B}.Debug|Any CPU.ActiveCfg = Debug|Any CPU
		{029803B3-FEB0-47CD-B3B8-8DA10B212F9B}.Debug|Any CPU.Build.0 = Debug|Any CPU
		{029803B3-FEB0-47CD-B3B8-8DA10B212F9B}.Release|Any CPU.ActiveCfg = Release|Any CPU
		{029803B3-FEB0-47CD-B3B8-8DA10B212F9B}.Release|Any CPU.Build.0 = Release|Any CPU
	EndGlobalSection
	GlobalSection(SolutionProperties) = preSolution
		HideSolutionNode = FALSE
	EndGlobalSection
	GlobalSection(ExtensibilityGlobals) = postSolution
		SolutionGuid = {F872ECF5-4729-4086-9537-0F3FBCAC3579}
	EndGlobalSection
EndGlobal
